
Microsoft Visual Studio Solution File, Format Version 12.00
# Visual Studio 2012
Project("{FAE04EC0-301F-11D3-BF4B-00C04F79EFBC}") = "SymbolFromLayerLibrary", "SymbolFromLayerLibrary\SymbolFromLayerLibrary.csproj", "{512EB7A2-5590-4046-ACD9-E2A4412FECFE}"
EndProject
Global
	GlobalSection(SolutionConfigurationPlatforms) = preSolution
		Debug|Any CPU = Debug|Any CPU
		Release|Any CPU = Release|Any CPU
	EndGlobalSection
	GlobalSection(ProjectConfigurationPlatforms) = postSolution
		{512EB7A2-5590-4046-ACD9-E2A4412FECFE}.Debug|Any CPU.ActiveCfg = Debug|Any CPU
		{512EB7A2-5590-4046-ACD9-E2A4412FECFE}.Debug|Any CPU.Build.0 = Debug|Any CPU
		{512EB7A2-5590-4046-ACD9-E2A4412FECFE}.Release|Any CPU.ActiveCfg = Release|Any CPU
		{512EB7A2-5590-4046-ACD9-E2A4412FECFE}.Release|Any CPU.Build.0 = Release|Any CPU
	EndGlobalSection
	GlobalSection(SolutionProperties) = preSolution
		HideSolutionNode = FALSE
	EndGlobalSection
EndGlobal
